
Microsoft Visual Studio Solution File, Format Version 12.00
# Visual Studio Version 17
VisualStudioVersion = 17.14.36109.1 d17.14
MinimumVisualStudioVersion = 10.0.40219.1
Project("{FAE04EC0-301F-11D3-BF4B-00C04F79EFBC}") = "TimeClocker_XOR", "TimeClocker_XOR.csproj", "{545867D6-45D2-40EC-86CE-AAE0E3A7BB5A}"
EndProject
Global
	GlobalSection(SolutionConfigurationPlatforms) = preSolution
		Debug|Any CPU = Debug|Any CPU
		Release|Any CPU = Release|Any CPU
	EndGlobalSection
	GlobalSection(ProjectConfigurationPlatforms) = postSolution
		{545867D6-45D2-40EC-86CE-AAE0E3A7BB5A}.Debug|Any CPU.ActiveCfg = Debug|Any CPU
		{545867D6-45D2-40EC-86CE-AAE0E3A7BB5A}.Debug|Any CPU.Build.0 = Debug|Any CPU
		{545867D6-45D2-40EC-86CE-AAE0E3A7BB5A}.Release|Any CPU.ActiveCfg = Release|Any CPU
		{545867D6-45D2-40EC-86CE-AAE0E3A7BB5A}.Release|Any CPU.Build.0 = Release|Any CPU
	EndGlobalSection
	GlobalSection(SolutionProperties) = preSolution
		HideSolutionNode = FALSE
	EndGlobalSection
	GlobalSection(ExtensibilityGlobals) = postSolution
		SolutionGuid = {07522960-7F7F-46D6-A11D-C8FF3631EF36}
	EndGlobalSection
EndGlobal
